{
  "name": "agent-shell-breadcrumbs",
  "version": "0.1.1",
  "lockfileVersion": 3,
  "requires": true,
  "packages": {
    "": {
      "name": "agent-shell-breadcrumbs",
      "version": "0.1.1",
      "license": "MIT",
      "bin": {
        "breadcrumbs": "bin/breadcrumbs.js"
      },
      "engines": {
        "node": ">=20"
      }
    }
  }
}
